---
configuration:
  includes_doc: true
<<<<<<< HEAD
  node_package_manager: ""
  node_version_manager: ""
  sync_root: true
  target_folder: taskfiles
  tasks:
    - go
    - staticcheck
    - actionlint
    - yamllint
    - zizmor
    - adrs
=======
  node_package_manager: ''
  node_version_manager: ''
  sync_root: true
  target_folder: taskfiles
  tasks: [go, staticcheck, actionlint, yamllint, zizmor, adrs]
>>>>>>> ae95348 (fix issus)
generated_root_tasks:
  - install
  - install:undo
  - lint
  - lint:fix
  - upgrade
  - version
managed_files:
  - destination_module: actionlint
    path: taskfiles/actionlint/README.md
    sha256: e678c9ff24fa7396c8a4fc1b726597380509b957f6c6a7d1151552e9fd967a77
    source_module: actionlint
    source_path: taskfiles/actionlint/README.md
  - destination_module: actionlint
    path: taskfiles/actionlint/Taskfile.yml
<<<<<<< HEAD
    sha256: 6a6846d5331c88f18e869cdefe0f3c196a8e109ce1c540d6160df9b2291bb613
=======
    sha256: 4b6991789a967fe5d562bbda7d04b4fc35ed70448f68c33d8f30c3084a15a9c6
>>>>>>> ae95348 (fix issus)
    source_module: actionlint
    source_path: taskfiles/actionlint/Taskfile.yml
  - destination_module: adrs
    path: taskfiles/adrs/README.md
    sha256: 55f8d4d9cc933d7763b63b1f7bfa1b9d48b6db3f3cb6a20e4ba2c1ac9b65a739
    source_module: adrs
    source_path: taskfiles/adrs/README.md
  - destination_module: adrs
    path: taskfiles/adrs/Taskfile.yml
<<<<<<< HEAD
    sha256: 7b8cee6c9666c357e9906303866d930d61caa890a961d52c4cc867bfaa2317af
=======
    sha256: 8eead782dfecf89950c547b3163b9f205f9131a83399c4e74b46014fac67774d
>>>>>>> ae95348 (fix issus)
    source_module: adrs
    source_path: taskfiles/adrs/Taskfile.yml
  - destination_module: cargo
    path: taskfiles/cargo/README.md
    sha256: 425b2896e18158ad241b80a4963b12dd6795999d66e44f8930564eddab6027e2
    source_module: cargo
    source_path: taskfiles/cargo/README.md
  - destination_module: cargo
    path: taskfiles/cargo/Taskfile.yml
<<<<<<< HEAD
    sha256: 6c542982b9f8684d9caaeac709e4fa3a05d3a4b9bfc61d7509e25a20f462ebb4
=======
    sha256: 61476805b22accc89d1a044005f29ad33340c34f2e8d3f8c3400074a9c5903ea
>>>>>>> ae95348 (fix issus)
    source_module: cargo
    source_path: taskfiles/cargo/Taskfile.yml
  - destination_module: go
    path: taskfiles/go/README.md
<<<<<<< HEAD
    sha256: e1bdc7144bdb3a49422c5b1e0a333920b41c7687a9fe8fc16ed6705512f61c07
=======
    sha256: 0ae7bc5ca19473d7022c617be1d581d3f91f7ae758ec8cf1511b6cc5c0e20e71
>>>>>>> ae95348 (fix issus)
    source_module: go
    source_path: taskfiles/go/README.md
  - destination_module: go
    path: taskfiles/go/Taskfile.yml
<<<<<<< HEAD
    sha256: 73808956c275c8f2730a85d927c2c93c95a4536b6dee1919089bfa3a8b7ec339
=======
    sha256: 5f5fe4c6276ba4b17c429f5800b0db8a71399317805deb88a2ac591fec1a7f9e
>>>>>>> ae95348 (fix issus)
    source_module: go
    source_path: taskfiles/go/Taskfile.yml
  - destination_module: internal/skipfiles
    path: taskfiles/internal/skipfiles/Taskfile.yml
    sha256: 67b7d75af8670b74a9c5be3dfa8659b96b4823c699bb1fc3013d5bf1e3b3365b
    source_module: internal/skipfiles
    source_path: taskfiles/internal/skipfiles/Taskfile.yml
  - destination_module: staticcheck
    path: taskfiles/staticcheck/README.md
    sha256: 94041774241d603ed969d659c7b363cb7dbf6e16ada41b03d76bf7f407903967
    source_module: staticcheck
    source_path: taskfiles/staticcheck/README.md
  - destination_module: staticcheck
    path: taskfiles/staticcheck/Taskfile.yml
<<<<<<< HEAD
    sha256: f09d7d6e09de167de8a66d268f1e8a9d782da21610d4882729fa66927b3c41c0
=======
    sha256: f3b92e7b533d11168067e06f930444a066be6f11c5be31b2bbefd97177aee240
>>>>>>> ae95348 (fix issus)
    source_module: staticcheck
    source_path: taskfiles/staticcheck/Taskfile.yml
  - destination_module: uv
    path: taskfiles/uv/README.md
    sha256: 1a560a13bd56ff284cf3f13d0041543f5652eda5a12b5f9c4b5cd90199e375d7
    source_module: uv
    source_path: taskfiles/uv/README.md
  - destination_module: uv
    path: taskfiles/uv/Taskfile.yml
<<<<<<< HEAD
    sha256: ef0c9520068ecb205062eb35d886d32d19ee26245b487799cb77f4b9dc31985b
=======
    sha256: 166c0a1f7f712fdd94bf32f77d1cabc6133143e93ff6090ba7ae726231c48bb3
>>>>>>> ae95348 (fix issus)
    source_module: uv
    source_path: taskfiles/uv/Taskfile.yml
  - destination_module: yamllint
    path: taskfiles/yamllint/README.md
    sha256: 3542029c5d8de82a36fcdf10def80e30e663f8488bc4df76f65660d6daa25270
    source_module: yamllint
    source_path: taskfiles/yamllint/README.md
  - destination_module: yamllint
    path: taskfiles/yamllint/Taskfile.yml
<<<<<<< HEAD
    sha256: ec9f60be477cd254cc429a02e36575ae58aa86b313a163a8cd028501387f73cd
=======
    sha256: 6fe1bd32d96c8a5bcbd1fae907332a6ddbee75d3906737e3c437606dfa1077ee
>>>>>>> ae95348 (fix issus)
    source_module: yamllint
    source_path: taskfiles/yamllint/Taskfile.yml
  - destination_module: zizmor
    path: taskfiles/zizmor/README.md
    sha256: 69ab60e14fdda75b0eac0d5ae7232721082977cf5780df866f22753fe0b0e89e
    source_module: zizmor
    source_path: taskfiles/zizmor/README.md
  - destination_module: zizmor
    path: taskfiles/zizmor/Taskfile.yml
<<<<<<< HEAD
    sha256: 4c5315905ceae5072d951473733eb434d80f01fde9e7daf3288a2d4ae6596d15
=======
    sha256: 15de0a19108d0bcbb7c0066733839d7ae9704cd09c84347d4da5518f49fc301d
>>>>>>> ae95348 (fix issus)
    source_module: zizmor
    source_path: taskfiles/zizmor/Taskfile.yml
resolved_modules:
  dependencies:
    - destination_module: cargo
      path: taskfiles/cargo
      source_module: cargo
    - destination_module: internal/skipfiles
      path: taskfiles/internal/skipfiles
      source_module: internal/skipfiles
    - destination_module: uv
      path: taskfiles/uv
      source_module: uv
  requested:
    actionlint:
      destination_module: actionlint
      path: taskfiles/actionlint
      source_module: actionlint
    adrs:
      destination_module: adrs
      path: taskfiles/adrs
      source_module: adrs
    go:
      destination_module: go
      path: taskfiles/go
      source_module: go
    staticcheck:
      destination_module: staticcheck
      path: taskfiles/staticcheck
      source_module: staticcheck
    yamllint:
      destination_module: yamllint
      path: taskfiles/yamllint
      source_module: yamllint
    zizmor:
      destination_module: zizmor
      path: taskfiles/zizmor
      source_module: zizmor
source:
  default_branch: main
  repository: task-otter/store
  requested_version: v0.0.0
<<<<<<< HEAD
  resolved_commit: c879a238ba9d725014fb540e4238a4ac2fcb97fd
=======
  resolved_commit: 249cdf9c28cdc1a11b23118316d65cf493b49614
>>>>>>> ae95348 (fix issus)
  source_ref: refs/tags/v0.0.0
